
Microsoft Visual Studio Solution File, Format Version 12.00
# Visual Studio Version 17
VisualStudioVersion = 17.5.002.0
MinimumVisualStudioVersion = 10.0.40219.1
Project("{2150E333-8FDC-42A3-9474-1A3956D46DE8}") = "assets", "assets", "{4467BAE8-4DE6-4B38-89C5-6547A769A5F1}"
EndProject
Project("{2150E333-8FDC-42A3-9474-1A3956D46DE8}") = "vendor", "vendor", "{A46682CB-E321-43A6-8197-DEEA7E17FB3B}"
EndProject
Project("{9A19103F-16F7-4668-BE54-9A1E7A4F7556}") = "JavaScript.Conference.WebRTC", "assets\vendor\icelink\JavaScript.Conference.WebRTC.csproj", "{916015D6-6D35-4B62-825A-423B710237D3}"
EndProject
Project("{9A19103F-16F7-4668-BE54-9A1E7A4F7556}") = "Chat.WebSync4", "assets\vendor\videoCall\Chat.WebSync4.csproj", "{186FAAFB-DADC-43E9-AB50-F20025DC8503}"
EndProject
Global
	GlobalSection(SolutionConfigurationPlatforms) = preSolution
		Debug|Any CPU = Debug|Any CPU
		Release|Any CPU = Release|Any CPU
	EndGlobalSection
	GlobalSection(ProjectConfigurationPlatforms) = postSolution
		{916015D6-6D35-4B62-825A-423B710237D3}.Debug|Any CPU.ActiveCfg = Debug|Any CPU
		{916015D6-6D35-4B62-825A-423B710237D3}.Debug|Any CPU.Build.0 = Debug|Any CPU
		{916015D6-6D35-4B62-825A-423B710237D3}.Release|Any CPU.ActiveCfg = Release|Any CPU
		{916015D6-6D35-4B62-825A-423B710237D3}.Release|Any CPU.Build.0 = Release|Any CPU
		{186FAAFB-DADC-43E9-AB50-F20025DC8503}.Debug|Any CPU.ActiveCfg = Debug|Any CPU
		{186FAAFB-DADC-43E9-AB50-F20025DC8503}.Debug|Any CPU.Build.0 = Debug|Any CPU
		{186FAAFB-DADC-43E9-AB50-F20025DC8503}.Release|Any CPU.ActiveCfg = Release|Any CPU
		{186FAAFB-DADC-43E9-AB50-F20025DC8503}.Release|Any CPU.Build.0 = Release|Any CPU
	EndGlobalSection
	GlobalSection(SolutionProperties) = preSolution
		HideSolutionNode = FALSE
	EndGlobalSection
	GlobalSection(NestedProjects) = preSolution
		{A46682CB-E321-43A6-8197-DEEA7E17FB3B} = {4467BAE8-4DE6-4B38-89C5-6547A769A5F1}
		{916015D6-6D35-4B62-825A-423B710237D3} = {A46682CB-E321-43A6-8197-DEEA7E17FB3B}
		{186FAAFB-DADC-43E9-AB50-F20025DC8503} = {A46682CB-E321-43A6-8197-DEEA7E17FB3B}
	EndGlobalSection
	GlobalSection(ExtensibilityGlobals) = postSolution
		SolutionGuid = {A128CCBF-7028-4E0F-B6C0-61AE1F49331C}
	EndGlobalSection
EndGlobal
